
Microsoft Visual Studio Solution File, Format Version 12.00
# Visual Studio Version 17
VisualStudioVersion = 17.2.32630.192
MinimumVisualStudioVersion = 10.0.40219.1
Project("{D954291E-2A0B-460D-934E-DC6B0785DB48}") = "App4.Shared", "App4\App4.Shared\App4.Shared.shproj", "{6279C845-92F8-4333-AB99-3D213163593C}"
EndProject
Project("{2150E333-8FDC-42A3-9474-1A3956D46DE8}") = "Platforms", "Platforms", "{0D98FE8B-7054-4456-80E0-93722F249664}"
EndProject
Project("{FAE04EC0-301F-11D3-BF4B-00C04F79EFBC}") = "App4.Droid", "App4\App4.Droid\App4.Droid.csproj", "{9316CBB3-3B59-4F3B-989A-640A52F22052}"
EndProject
Project("{FAE04EC0-301F-11D3-BF4B-00C04F79EFBC}") = "App4.iOS", "App4\App4.iOS\App4.iOS.csproj", "{C2B888C6-C438-4D4C-AD15-079AAE691FEB}"
EndProject
Project("{FAE04EC0-301F-11D3-BF4B-00C04F79EFBC}") = "App4.UWP", "App4\App4.UWP\App4.UWP.csproj", "{98E003B1-5638-47C6-8AF5-8DE928AEE2F6}"
EndProject
Project("{FAE04EC0-301F-11D3-BF4B-00C04F79EFBC}") = "App4.Wasm", "App4\App4.Wasm\App4.Wasm.csproj", "{CB8FBE50-1F74-44D2-83B1-20C2450A6CA6}"
EndProject
Project("{FAE04EC0-301F-11D3-BF4B-00C04F79EFBC}") = "App4.macOS", "App4\App4.macOS\App4.macOS.csproj", "{84002309-CD96-44A0-95FF-716CC9CACA1D}"
EndProject
Project("{FAE04EC0-301F-11D3-BF4B-00C04F79EFBC}") = "App4.Skia.Wpf.Host", "App4\App4.Skia.Wpf.Host\App4.Skia.Wpf.Host.csproj", "{D112AA09-7F6C-4799-B622-65A191294E95}"
EndProject
Project("{FAE04EC0-301F-11D3-BF4B-00C04F79EFBC}") = "App4.Skia.Wpf", "App4\App4.Skia.Wpf\App4.Skia.Wpf.csproj", "{E3DEBED9-D2F3-4473-B255-8B82F4FF90D7}"
EndProject
Project("{FAE04EC0-301F-11D3-BF4B-00C04F79EFBC}") = "App4.Skia.Gtk", "App4\App4.Skia.Gtk\App4.Skia.Gtk.csproj", "{C05B8575-11CE-4CDC-B59D-81EFED5E04D6}"
EndProject
Project("{FAE04EC0-301F-11D3-BF4B-00C04F79EFBC}") = "App4.Skia.Tizen", "App4\App4.Skia.Tizen\App4.Skia.Tizen.csproj", "{EE40F702-28E5-4F0A-9419-632341C928D0}"
EndProject
Global
	GlobalSection(SolutionConfigurationPlatforms) = preSolution
		Ad-Hoc|Any CPU = Ad-Hoc|Any CPU
		Ad-Hoc|ARM = Ad-Hoc|ARM
		Ad-Hoc|ARM64 = Ad-Hoc|ARM64
		Ad-Hoc|iPhone = Ad-Hoc|iPhone
		Ad-Hoc|iPhoneSimulator = Ad-Hoc|iPhoneSimulator
		Ad-Hoc|x64 = Ad-Hoc|x64
		Ad-Hoc|x86 = Ad-Hoc|x86
		AppStore|Any CPU = AppStore|Any CPU
		AppStore|ARM = AppStore|ARM
		AppStore|ARM64 = AppStore|ARM64
		AppStore|iPhone = AppStore|iPhone
		AppStore|iPhoneSimulator = AppStore|iPhoneSimulator
		AppStore|x64 = AppStore|x64
		AppStore|x86 = AppStore|x86
		Debug|Any CPU = Debug|Any CPU
		Debug|ARM = Debug|ARM
		Debug|ARM64 = Debug|ARM64
		Debug|iPhone = Debug|iPhone
		Debug|iPhoneSimulator = Debug|iPhoneSimulator
		Debug|x64 = Debug|x64
		Debug|x86 = Debug|x86
		Release|Any CPU = Release|Any CPU
		Release|ARM = Release|ARM
		Release|ARM64 = Release|ARM64
		Release|iPhone = Release|iPhone
		Release|iPhoneSimulator = Release|iPhoneSimulator
		Release|x64 = Release|x64
		Release|x86 = Release|x86
	EndGlobalSection
	GlobalSection(ProjectConfigurationPlatforms) = postSolution
		{9316CBB3-3B59-4F3B-989A-640A52F22052}.Ad-Hoc|Any CPU.ActiveCfg = Debug|Any CPU
		{9316CBB3-3B59-4F3B-989A-640A52F22052}.Ad-Hoc|Any CPU.Build.0 = Debug|Any CPU
		{9316CBB3-3B59-4F3B-989A-640A52F22052}.Ad-Hoc|Any CPU.Deploy.0 = Debug|Any CPU
		{9316CBB3-3B59-4F3B-989A-640A52F22052}.Ad-Hoc|ARM.ActiveCfg = Debug|Any CPU
		{9316CBB3-3B59-4F3B-989A-640A52F22052}.Ad-Hoc|ARM.Build.0 = Debug|Any CPU
		{9316CBB3-3B59-4F3B-989A-640A52F22052}.Ad-Hoc|ARM.Deploy.0 = Debug|Any CPU
		{9316CBB3-3B59-4F3B-989A-640A52F22052}.Ad-Hoc|ARM64.ActiveCfg = Debug|Any CPU
		{9316CBB3-3B59-4F3B-989A-640A52F22052}.Ad-Hoc|ARM64.Build.0 = Debug|Any CPU
		{9316CBB3-3B59-4F3B-989A-640A52F22052}.Ad-Hoc|ARM64.Deploy.0 = Debug|Any CPU
		{9316CBB3-3B59-4F3B-989A-640A52F22052}.Ad-Hoc|iPhone.ActiveCfg = Debug|Any CPU
		{9316CBB3-3B59-4F3B-989A-640A52F22052}.Ad-Hoc|iPhone.Build.0 = Debug|Any CPU
		{9316CBB3-3B59-4F3B-989A-640A52F22052}.Ad-Hoc|iPhone.Deploy.0 = Debug|Any CPU
		{9316CBB3-3B59-4F3B-989A-640A52F22052}.Ad-Hoc|iPhoneSimulator.ActiveCfg = Debug|Any CPU
		{9316CBB3-3B59-4F3B-989A-640A52F22052}.Ad-Hoc|iPhoneSimulator.Build.0 = Debug|Any CPU
		{9316CBB3-3B59-4F3B-989A-640A52F22052}.Ad-Hoc|iPhoneSimulator.Deploy.0 = Debug|Any CPU
		{9316CBB3-3B59-4F3B-989A-640A52F22052}.Ad-Hoc|x64.ActiveCfg = Debug|Any CPU
		{9316CBB3-3B59-4F3B-989A-640A52F22052}.Ad-Hoc|x64.Build.0 = Debug|Any CPU
		{9316CBB3-3B59-4F3B-989A-640A52F22052}.Ad-Hoc|x64.Deploy.0 = Debug|Any CPU
		{9316CBB3-3B59-4F3B-989A-640A52F22052}.Ad-Hoc|x86.ActiveCfg = Debug|Any CPU
		{9316CBB3-3B59-4F3B-989A-640A52F22052}.Ad-Hoc|x86.Build.0 = Debug|Any CPU
		{9316CBB3-3B59-4F3B-989A-640A52F22052}.Ad-Hoc|x86.Deploy.0 = Debug|Any CPU
		{9316CBB3-3B59-4F3B-989A-640A52F22052}.AppStore|Any CPU.ActiveCfg = Debug|Any CPU
		{9316CBB3-3B59-4F3B-989A-640A52F22052}.AppStore|Any CPU.Build.0 = Debug|Any CPU
		{9316CBB3-3B59-4F3B-989A-640A52F22052}.AppStore|Any CPU.Deploy.0 = Debug|Any CPU
		{9316CBB3-3B59-4F3B-989A-640A52F22052}.AppStore|ARM.ActiveCfg = Debug|Any CPU
		{9316CBB3-3B59-4F3B-989A-640A52F22052}.AppStore|ARM.Build.0 = Debug|Any CPU
		{9316CBB3-3B59-4F3B-989A-640A52F22052}.AppStore|ARM.Deploy.0 = Debug|Any CPU
		{9316CBB3-3B59-4F3B-989A-640A52F22052}.AppStore|ARM64.ActiveCfg = Debug|Any CPU
		{9316CBB3-3B59-4F3B-989A-640A52F22052}.AppStore|ARM64.Build.0 = Debug|Any CPU
		{9316CBB3-3B59-4F3B-989A-640A52F22052}.AppStore|ARM64.Deploy.0 = Debug|Any CPU
		{9316CBB3-3B59-4F3B-989A-640A52F22052}.AppStore|iPhone.ActiveCfg = Debug|Any CPU
		{9316CBB3-3B59-4F3B-989A-640A52F22052}.AppStore|iPhone.Build.0 = Debug|Any CPU
		{9316CBB3-3B59-4F3B-989A-640A52F22052}.AppStore|iPhone.Deploy.0 = Debug|Any CPU
		{9316CBB3-3B59-4F3B-989A-640A52F22052}.AppStore|iPhoneSimulator.ActiveCfg = Debug|Any CPU
		{9316CBB3-3B59-4F3B-989A-640A52F22052}.AppStore|iPhoneSimulator.Build.0 = Debug|Any CPU
		{9316CBB3-3B59-4F3B-989A-640A52F22052}.AppStore|iPhoneSimulator.Deploy.0 = Debug|Any CPU
		{9316CBB3-3B59-4F3B-989A-640A52F22052}.AppStore|x64.ActiveCfg = Debug|Any CPU
		{9316CBB3-3B59-4F3B-989A-640A52F22052}.AppStore|x64.Build.0 = Debug|Any CPU
		{9316CBB3-3B59-4F3B-989A-640A52F22052}.AppStore|x64.Deploy.0 = Debug|Any CPU
		{9316CBB3-3B59-4F3B-989A-640A52F22052}.AppStore|x86.ActiveCfg = Debug|Any CPU
		{9316CBB3-3B59-4F3B-989A-640A52F22052}.AppStore|x86.Build.0 = Debug|Any CPU
		{9316CBB3-3B59-4F3B-989A-640A52F22052}.AppStore|x86.Deploy.0 = Debug|Any CPU
		{9316CBB3-3B59-4F3B-989A-640A52F22052}.Debug|Any CPU.ActiveCfg = Debug|Any CPU
		{9316CBB3-3B59-4F3B-989A-640A52F22052}.Debug|Any CPU.Build.0 = Debug|Any CPU
		{9316CBB3-3B59-4F3B-989A-640A52F22052}.Debug|Any CPU.Deploy.0 = Debug|Any CPU
		{9316CBB3-3B59-4F3B-989A-640A52F22052}.Debug|ARM.ActiveCfg = Debug|Any CPU
		{9316CBB3-3B59-4F3B-989A-640A52F22052}.Debug|ARM.Build.0 = Debug|Any CPU
		{9316CBB3-3B59-4F3B-989A-640A52F22052}.Debug|ARM.Deploy.0 = Debug|Any CPU
		{9316CBB3-3B59-4F3B-989A-640A52F22052}.Debug|ARM64.ActiveCfg = Debug|Any CPU
		{9316CBB3-3B59-4F3B-989A-640A52F22052}.Debug|ARM64.Build.0 = Debug|Any CPU
		{9316CBB3-3B59-4F3B-989A-640A52F22052}.Debug|ARM64.Deploy.0 = Debug|Any CPU
		{9316CBB3-3B59-4F3B-989A-640A52F22052}.Debug|iPhone.ActiveCfg = Debug|Any CPU
		{9316CBB3-3B59-4F3B-989A-640A52F22052}.Debug|iPhone.Build.0 = Debug|Any CPU
		{9316CBB3-3B59-4F3B-989A-640A52F22052}.Debug|iPhone.Deploy.0 = Debug|Any CPU
		{9316CBB3-3B59-4F3B-989A-640A52F22052}.Debug|iPhoneSimulator.ActiveCfg = Debug|Any CPU
		{9316CBB3-3B59-4F3B-989A-640A52F22052}.Debug|iPhoneSimulator.Build.0 = Debug|Any CPU
		{9316CBB3-3B59-4F3B-989A-640A52F22052}.Debug|iPhoneSimulator.Deploy.0 = Debug|Any CPU
		{9316CBB3-3B59-4F3B-989A-640A52F22052}.Debug|x64.ActiveCfg = Debug|Any CPU
		{9316CBB3-3B59-4F3B-989A-640A52F22052}.Debug|x64.Build.0 = Debug|Any CPU
		{9316CBB3-3B59-4F3B-989A-640A52F22052}.Debug|x64.Deploy.0 = Debug|Any CPU
		{9316CBB3-3B59-4F3B-989A-640A52F22052}.Debug|x86.ActiveCfg = Debug|Any CPU
		{9316CBB3-3B59-4F3B-989A-640A52F22052}.Debug|x86.Build.0 = Debug|Any CPU
		{9316CBB3-3B59-4F3B-989A-640A52F22052}.Debug|x86.Deploy.0 = Debug|Any CPU
		{9316CBB3-3B59-4F3B-989A-640A52F22052}.Release|Any CPU.ActiveCfg = Release|Any CPU
		{9316CBB3-3B59-4F3B-989A-640A52F22052}.Release|Any CPU.Build.0 = Release|Any CPU
		{9316CBB3-3B59-4F3B-989A-640A52F22052}.Release|Any CPU.Deploy.0 = Release|Any CPU
		{9316CBB3-3B59-4F3B-989A-640A52F22052}.Release|ARM.ActiveCfg = Release|Any CPU
		{9316CBB3-3B59-4F3B-989A-640A52F22052}.Release|ARM.Build.0 = Release|Any CPU
		{9316CBB3-3B59-4F3B-989A-640A52F22052}.Release|ARM.Deploy.0 = Release|Any CPU
		{9316CBB3-3B59-4F3B-989A-640A52F22052}.Release|ARM64.ActiveCfg = Release|Any CPU
		{9316CBB3-3B59-4F3B-989A-640A52F22052}.Release|ARM64.Build.0 = Release|Any CPU
		{9316CBB3-3B59-4F3B-989A-640A52F22052}.Release|ARM64.Deploy.0 = Release|Any CPU
		{9316CBB3-3B59-4F3B-989A-640A52F22052}.Release|iPhone.ActiveCfg = Release|Any CPU
		{9316CBB3-3B59-4F3B-989A-640A52F22052}.Release|iPhone.Build.0 = Release|Any CPU
		{9316CBB3-3B59-4F3B-989A-640A52F22052}.Release|iPhone.Deploy.0 = Release|Any CPU
		{9316CBB3-3B59-4F3B-989A-640A52F22052}.Release|iPhoneSimulator.ActiveCfg = Release|Any CPU
		{9316CBB3-3B59-4F3B-989A-640A52F22052}.Release|iPhoneSimulator.Build.0 = Release|Any CPU
		{9316CBB3-3B59-4F3B-989A-640A52F22052}.Release|iPhoneSimulator.Deploy.0 = Release|Any CPU
		{9316CBB3-3B59-4F3B-989A-640A52F22052}.Release|x64.ActiveCfg = Release|Any CPU
		{9316CBB3-3B59-4F3B-989A-640A52F22052}.Release|x64.Build.0 = Release|Any CPU
		{9316CBB3-3B59-4F3B-989A-640A52F22052}.Release|x64.Deploy.0 = Release|Any CPU
		{9316CBB3-3B59-4F3B-989A-640A52F22052}.Release|x86.ActiveCfg = Release|Any CPU
		{9316CBB3-3B59-4F3B-989A-640A52F22052}.Release|x86.Build.0 = Release|Any CPU
		{9316CBB3-3B59-4F3B-989A-640A52F22052}.Release|x86.Deploy.0 = Release|Any CPU
		{C2B888C6-C438-4D4C-AD15-079AAE691FEB}.Ad-Hoc|Any CPU.ActiveCfg = Ad-Hoc|iPhoneSimulator
		{C2B888C6-C438-4D4C-AD15-079AAE691FEB}.Ad-Hoc|Any CPU.Build.0 = Ad-Hoc|iPhoneSimulator
		{C2B888C6-C438-4D4C-AD15-079AAE691FEB}.Ad-Hoc|ARM.ActiveCfg = Ad-Hoc|iPhoneSimulator
		{C2B888C6-C438-4D4C-AD15-079AAE691FEB}.Ad-Hoc|ARM.Build.0 = Ad-Hoc|iPhoneSimulator
		{C2B888C6-C438-4D4C-AD15-079AAE691FEB}.Ad-Hoc|ARM64.ActiveCfg = Ad-Hoc|iPhoneSimulator
		{C2B888C6-C438-4D4C-AD15-079AAE691FEB}.Ad-Hoc|ARM64.Build.0 = Ad-Hoc|iPhoneSimulator
		{C2B888C6-C438-4D4C-AD15-079AAE691FEB}.Ad-Hoc|iPhone.ActiveCfg = Ad-Hoc|iPhone
		{C2B888C6-C438-4D4C-AD15-079AAE691FEB}.Ad-Hoc|iPhone.Build.0 = Ad-Hoc|iPhone
		{C2B888C6-C438-4D4C-AD15-079AAE691FEB}.Ad-Hoc|iPhoneSimulator.ActiveCfg = Ad-Hoc|iPhoneSimulator
		{C2B888C6-C438-4D4C-AD15-079AAE691FEB}.Ad-Hoc|iPhoneSimulator.Build.0 = Ad-Hoc|iPhoneSimulator
		{C2B888C6-C438-4D4C-AD15-079AAE691FEB}.Ad-Hoc|x64.ActiveCfg = Ad-Hoc|iPhoneSimulator
		{C2B888C6-C438-4D4C-AD15-079AAE691FEB}.Ad-Hoc|x64.Build.0 = Ad-Hoc|iPhoneSimulator
		{C2B888C6-C438-4D4C-AD15-079AAE691FEB}.Ad-Hoc|x86.ActiveCfg = Ad-Hoc|iPhoneSimulator
		{C2B888C6-C438-4D4C-AD15-079AAE691FEB}.Ad-Hoc|x86.Build.0 = Ad-Hoc|iPhoneSimulator
		{C2B888C6-C438-4D4C-AD15-079AAE691FEB}.AppStore|Any CPU.ActiveCfg = AppStore|iPhoneSimulator
		{C2B888C6-C438-4D4C-AD15-079AAE691FEB}.AppStore|Any CPU.Build.0 = AppStore|iPhoneSimulator
		{C2B888C6-C438-4D4C-AD15-079AAE691FEB}.AppStore|ARM.ActiveCfg = AppStore|iPhoneSimulator
		{C2B888C6-C438-4D4C-AD15-079AAE691FEB}.AppStore|ARM.Build.0 = AppStore|iPhoneSimulator
		{C2B888C6-C438-4D4C-AD15-079AAE691FEB}.AppStore|ARM64.ActiveCfg = AppStore|iPhoneSimulator
		{C2B888C6-C438-4D4C-AD15-079AAE691FEB}.AppStore|ARM64.Build.0 = AppStore|iPhoneSimulator
		{C2B888C6-C438-4D4C-AD15-079AAE691FEB}.AppStore|iPhone.ActiveCfg = AppStore|iPhone
		{C2B888C6-C438-4D4C-AD15-079AAE691FEB}.AppStore|iPhone.Build.0 = AppStore|iPhone
		{C2B888C6-C438-4D4C-AD15-079AAE691FEB}.AppStore|iPhoneSimulator.ActiveCfg = AppStore|iPhoneSimulator
		{C2B888C6-C438-4D4C-AD15-079AAE691FEB}.AppStore|iPhoneSimulator.Build.0 = AppStore|iPhoneSimulator
		{C2B888C6-C438-4D4C-AD15-079AAE691FEB}.AppStore|x64.ActiveCfg = AppStore|iPhoneSimulator
		{C2B888C6-C438-4D4C-AD15-079AAE691FEB}.AppStore|x64.Build.0 = AppStore|iPhoneSimulator
		{C2B888C6-C438-4D4C-AD15-079AAE691FEB}.AppStore|x86.ActiveCfg = AppStore|iPhoneSimulator
		{C2B888C6-C438-4D4C-AD15-079AAE691FEB}.AppStore|x86.Build.0 = AppStore|iPhoneSimulator
		{C2B888C6-C438-4D4C-AD15-079AAE691FEB}.Debug|Any CPU.ActiveCfg = Debug|iPhoneSimulator
		{C2B888C6-C438-4D4C-AD15-079AAE691FEB}.Debug|Any CPU.Build.0 = Debug|iPhoneSimulator
		{C2B888C6-C438-4D4C-AD15-079AAE691FEB}.Debug|ARM.ActiveCfg = Debug|iPhoneSimulator
		{C2B888C6-C438-4D4C-AD15-079AAE691FEB}.Debug|ARM.Build.0 = Debug|iPhoneSimulator
		{C2B888C6-C438-4D4C-AD15-079AAE691FEB}.Debug|ARM64.ActiveCfg = Debug|iPhoneSimulator
		{C2B888C6-C438-4D4C-AD15-079AAE691FEB}.Debug|ARM64.Build.0 = Debug|iPhoneSimulator
		{C2B888C6-C438-4D4C-AD15-079AAE691FEB}.Debug|iPhone.ActiveCfg = Debug|iPhone
		{C2B888C6-C438-4D4C-AD15-079AAE691FEB}.Debug|iPhone.Build.0 = Debug|iPhone
		{C2B888C6-C438-4D4C-AD15-079AAE691FEB}.Debug|iPhoneSimulator.ActiveCfg = Debug|iPhoneSimulator
		{C2B888C6-C438-4D4C-AD15-079AAE691FEB}.Debug|iPhoneSimulator.Build.0 = Debug|iPhoneSimulator
		{C2B888C6-C438-4D4C-AD15-079AAE691FEB}.Debug|x64.ActiveCfg = Debug|iPhoneSimulator
		{C2B888C6-C438-4D4C-AD15-079AAE691FEB}.Debug|x64.Build.0 = Debug|iPhoneSimulator
		{C2B888C6-C438-4D4C-AD15-079AAE691FEB}.Debug|x86.ActiveCfg = Debug|iPhoneSimulator
		{C2B888C6-C438-4D4C-AD15-079AAE691FEB}.Debug|x86.Build.0 = Debug|iPhoneSimulator
		{C2B888C6-C438-4D4C-AD15-079AAE691FEB}.Release|Any CPU.ActiveCfg = Release|iPhoneSimulator
		{C2B888C6-C438-4D4C-AD15-079AAE691FEB}.Release|Any CPU.Build.0 = Release|iPhoneSimulator
		{C2B888C6-C438-4D4C-AD15-079AAE691FEB}.Release|ARM.ActiveCfg = Release|iPhoneSimulator
		{C2B888C6-C438-4D4C-AD15-079AAE691FEB}.Release|ARM.Build.0 = Release|iPhoneSimulator
		{C2B888C6-C438-4D4C-AD15-079AAE691FEB}.Release|ARM64.ActiveCfg = Release|iPhoneSimulator
		{C2B888C6-C438-4D4C-AD15-079AAE691FEB}.Release|ARM64.Build.0 = Release|iPhoneSimulator
		{C2B888C6-C438-4D4C-AD15-079AAE691FEB}.Release|iPhone.ActiveCfg = Release|iPhone
		{C2B888C6-C438-4D4C-AD15-079AAE691FEB}.Release|iPhone.Build.0 = Release|iPhone
		{C2B888C6-C438-4D4C-AD15-079AAE691FEB}.Release|iPhoneSimulator.ActiveCfg = Release|iPhoneSimulator
		{C2B888C6-C438-4D4C-AD15-079AAE691FEB}.Release|iPhoneSimulator.Build.0 = Release|iPhoneSimulator
		{C2B888C6-C438-4D4C-AD15-079AAE691FEB}.Release|x64.ActiveCfg = Release|iPhoneSimulator
		{C2B888C6-C438-4D4C-AD15-079AAE691FEB}.Release|x64.Build.0 = Release|iPhoneSimulator
		{C2B888C6-C438-4D4C-AD15-079AAE691FEB}.Release|x86.ActiveCfg = Release|iPhoneSimulator
		{C2B888C6-C438-4D4C-AD15-079AAE691FEB}.Release|x86.Build.0 = Release|iPhoneSimulator
		{98E003B1-5638-47C6-8AF5-8DE928AEE2F6}.Ad-Hoc|Any CPU.ActiveCfg = Debug|x64
		{98E003B1-5638-47C6-8AF5-8DE928AEE2F6}.Ad-Hoc|Any CPU.Build.0 = Debug|x64
		{98E003B1-5638-47C6-8AF5-8DE928AEE2F6}.Ad-Hoc|Any CPU.Deploy.0 = Debug|x64
		{98E003B1-5638-47C6-8AF5-8DE928AEE2F6}.Ad-Hoc|ARM.ActiveCfg = Debug|ARM
		{98E003B1-5638-47C6-8AF5-8DE928AEE2F6}.Ad-Hoc|ARM.Build.0 = Debug|ARM
		{98E003B1-5638-47C6-8AF5-8DE928AEE2F6}.Ad-Hoc|ARM.Deploy.0 = Debug|ARM
		{98E003B1-5638-47C6-8AF5-8DE928AEE2F6}.Ad-Hoc|ARM64.ActiveCfg = Debug|ARM64
		{98E003B1-5638-47C6-8AF5-8DE928AEE2F6}.Ad-Hoc|ARM64.Build.0 = Debug|ARM64
		{98E003B1-5638-47C6-8AF5-8DE928AEE2F6}.Ad-Hoc|ARM64.Deploy.0 = Debug|ARM64
		{98E003B1-5638-47C6-8AF5-8DE928AEE2F6}.Ad-Hoc|iPhone.ActiveCfg = Debug|x64
		{98E003B1-5638-47C6-8AF5-8DE928AEE2F6}.Ad-Hoc|iPhone.Build.0 = Debug|x64
		{98E003B1-5638-47C6-8AF5-8DE928AEE2F6}.Ad-Hoc|iPhone.Deploy.0 = Debug|x64
		{98E003B1-5638-47C6-8AF5-8DE928AEE2F6}.Ad-Hoc|iPhoneSimulator.ActiveCfg = Debug|x64
		{98E003B1-5638-47C6-8AF5-8DE928AEE2F6}.Ad-Hoc|iPhoneSimulator.Build.0 = Debug|x64
		{98E003B1-5638-47C6-8AF5-8DE928AEE2F6}.Ad-Hoc|iPhoneSimulator.Deploy.0 = Debug|x64
		{98E003B1-5638-47C6-8AF5-8DE928AEE2F6}.Ad-Hoc|x64.ActiveCfg = Debug|x64
		{98E003B1-5638-47C6-8AF5-8DE928AEE2F6}.Ad-Hoc|x64.Build.0 = Debug|x64
		{98E003B1-5638-47C6-8AF5-8DE928AEE2F6}.Ad-Hoc|x64.Deploy.0 = Debug|x64
		{98E003B1-5638-47C6-8AF5-8DE928AEE2F6}.Ad-Hoc|x86.ActiveCfg = Debug|x86
		{98E003B1-5638-47C6-8AF5-8DE928AEE2F6}.Ad-Hoc|x86.Build.0 = Debug|x86
		{98E003B1-5638-47C6-8AF5-8DE928AEE2F6}.Ad-Hoc|x86.Deploy.0 = Debug|x86
		{98E003B1-5638-47C6-8AF5-8DE928AEE2F6}.AppStore|Any CPU.ActiveCfg = Debug|x64
		{98E003B1-5638-47C6-8AF5-8DE928AEE2F6}.AppStore|Any CPU.Build.0 = Debug|x64
		{98E003B1-5638-47C6-8AF5-8DE928AEE2F6}.AppStore|Any CPU.Deploy.0 = Debug|x64
		{98E003B1-5638-47C6-8AF5-8DE928AEE2F6}.AppStore|ARM.ActiveCfg = Debug|ARM
		{98E003B1-5638-47C6-8AF5-8DE928AEE2F6}.AppStore|ARM.Build.0 = Debug|ARM
		{98E003B1-5638-47C6-8AF5-8DE928AEE2F6}.AppStore|ARM.Deploy.0 = Debug|ARM
		{98E003B1-5638-47C6-8AF5-8DE928AEE2F6}.AppStore|ARM64.ActiveCfg = Debug|ARM64
		{98E003B1-5638-47C6-8AF5-8DE928AEE2F6}.AppStore|ARM64.Build.0 = Debug|ARM64
		{98E003B1-5638-47C6-8AF5-8DE928AEE2F6}.AppStore|ARM64.Deploy.0 = Debug|ARM64
		{98E003B1-5638-47C6-8AF5-8DE928AEE2F6}.AppStore|iPhone.ActiveCfg = Debug|x64
		{98E003B1-5638-47C6-8AF5-8DE928AEE2F6}.AppStore|iPhone.Build.0 = Debug|x64
		{98E003B1-5638-47C6-8AF5-8DE928AEE2F6}.AppStore|iPhone.Deploy.0 = Debug|x64
		{98E003B1-5638-47C6-8AF5-8DE928AEE2F6}.AppStore|iPhoneSimulator.ActiveCfg = Debug|x64
		{98E003B1-5638-47C6-8AF5-8DE928AEE2F6}.AppStore|iPhoneSimulator.Build.0 = Debug|x64
		{98E003B1-5638-47C6-8AF5-8DE928AEE2F6}.AppStore|iPhoneSimulator.Deploy.0 = Debug|x64
		{98E003B1-5638-47C6-8AF5-8DE928AEE2F6}.AppStore|x64.ActiveCfg = Debug|x64
		{98E003B1-5638-47C6-8AF5-8DE928AEE2F6}.AppStore|x64.Build.0 = Debug|x64
		{98E003B1-5638-47C6-8AF5-8DE928AEE2F6}.AppStore|x64.Deploy.0 = Debug|x64
		{98E003B1-5638-47C6-8AF5-8DE928AEE2F6}.AppStore|x86.ActiveCfg = Debug|x86
		{98E003B1-5638-47C6-8AF5-8DE928AEE2F6}.AppStore|x86.Build.0 = Debug|x86
		{98E003B1-5638-47C6-8AF5-8DE928AEE2F6}.AppStore|x86.Deploy.0 = Debug|x86
		{98E003B1-5638-47C6-8AF5-8DE928AEE2F6}.Debug|Any CPU.ActiveCfg = Debug|x64
		{98E003B1-5638-47C6-8AF5-8DE928AEE2F6}.Debug|Any CPU.Build.0 = Debug|x64
		{98E003B1-5638-47C6-8AF5-8DE928AEE2F6}.Debug|Any CPU.Deploy.0 = Debug|x64
		{98E003B1-5638-47C6-8AF5-8DE928AEE2F6}.Debug|ARM.ActiveCfg = Debug|ARM
		{98E003B1-5638-47C6-8AF5-8DE928AEE2F6}.Debug|ARM.Build.0 = Debug|ARM
		{98E003B1-5638-47C6-8AF5-8DE928AEE2F6}.Debug|ARM.Deploy.0 = Debug|ARM
		{98E003B1-5638-47C6-8AF5-8DE928AEE2F6}.Debug|ARM64.ActiveCfg = Debug|ARM64
		{98E003B1-5638-47C6-8AF5-8DE928AEE2F6}.Debug|ARM64.Build.0 = Debug|ARM64
		{98E003B1-5638-47C6-8AF5-8DE928AEE2F6}.Debug|ARM64.Deploy.0 = Debug|ARM64
		{98E003B1-5638-47C6-8AF5-8DE928AEE2F6}.Debug|iPhone.ActiveCfg = Debug|x64
		{98E003B1-5638-47C6-8AF5-8DE928AEE2F6}.Debug|iPhone.Build.0 = Debug|x64
		{98E003B1-5638-47C6-8AF5-8DE928AEE2F6}.Debug|iPhone.Deploy.0 = Debug|x64
		{98E003B1-5638-47C6-8AF5-8DE928AEE2F6}.Debug|iPhoneSimulator.ActiveCfg = Debug|x64
		{98E003B1-5638-47C6-8AF5-8DE928AEE2F6}.Debug|iPhoneSimulator.Build.0 = Debug|x64
		{98E003B1-5638-47C6-8AF5-8DE928AEE2F6}.Debug|iPhoneSimulator.Deploy.0 = Debug|x64
		{98E003B1-5638-47C6-8AF5-8DE928AEE2F6}.Debug|x64.ActiveCfg = Debug|x64
		{98E003B1-5638-47C6-8AF5-8DE928AEE2F6}.Debug|x64.Build.0 = Debug|x64
		{98E003B1-5638-47C6-8AF5-8DE928AEE2F6}.Debug|x64.Deploy.0 = Debug|x64
		{98E003B1-5638-47C6-8AF5-8DE928AEE2F6}.Debug|x86.ActiveCfg = Debug|x86
		{98E003B1-5638-47C6-8AF5-8DE928AEE2F6}.Debug|x86.Build.0 = Debug|x86
		{98E003B1-5638-47C6-8AF5-8DE928AEE2F6}.Debug|x86.Deploy.0 = Debug|x86
		{98E003B1-5638-47C6-8AF5-8DE928AEE2F6}.Release|Any CPU.ActiveCfg = Release|x64
		{98E003B1-5638-47C6-8AF5-8DE928AEE2F6}.Release|Any CPU.Build.0 = Release|x64
		{98E003B1-5638-47C6-8AF5-8DE928AEE2F6}.Release|Any CPU.Deploy.0 = Release|x64
		{98E003B1-5638-47C6-8AF5-8DE928AEE2F6}.Release|ARM.ActiveCfg = Release|ARM
		{98E003B1-5638-47C6-8AF5-8DE928AEE2F6}.Release|ARM.Build.0 = Release|ARM
		{98E003B1-5638-47C6-8AF5-8DE928AEE2F6}.Release|ARM.Deploy.0 = Release|ARM
		{98E003B1-5638-47C6-8AF5-8DE928AEE2F6}.Release|ARM64.ActiveCfg = Release|ARM64
		{98E003B1-5638-47C6-8AF5-8DE928AEE2F6}.Release|ARM64.Build.0 = Release|ARM64
		{98E003B1-5638-47C6-8AF5-8DE928AEE2F6}.Release|ARM64.Deploy.0 = Release|ARM64
		{98E003B1-5638-47C6-8AF5-8DE928AEE2F6}.Release|iPhone.ActiveCfg = Release|x64
		{98E003B1-5638-47C6-8AF5-8DE928AEE2F6}.Release|iPhone.Build.0 = Release|x64
		{98E003B1-5638-47C6-8AF5-8DE928AEE2F6}.Release|iPhone.Deploy.0 = Release|x64
		{98E003B1-5638-47C6-8AF5-8DE928AEE2F6}.Release|iPhoneSimulator.ActiveCfg = Release|x64
		{98E003B1-5638-47C6-8AF5-8DE928AEE2F6}.Release|iPhoneSimulator.Build.0 = Release|x64
		{98E003B1-5638-47C6-8AF5-8DE928AEE2F6}.Release|iPhoneSimulator.Deploy.0 = Release|x64
		{98E003B1-5638-47C6-8AF5-8DE928AEE2F6}.Release|x64.ActiveCfg = Release|x64
		{98E003B1-5638-47C6-8AF5-8DE928AEE2F6}.Release|x64.Build.0 = Release|x64
		{98E003B1-5638-47C6-8AF5-8DE928AEE2F6}.Release|x64.Deploy.0 = Release|x64
		{98E003B1-5638-47C6-8AF5-8DE928AEE2F6}.Release|x86.ActiveCfg = Release|x86
		{98E003B1-5638-47C6-8AF5-8DE928AEE2F6}.Release|x86.Build.0 = Release|x86
		{98E003B1-5638-47C6-8AF5-8DE928AEE2F6}.Release|x86.Deploy.0 = Release|x86
		{CB8FBE50-1F74-44D2-83B1-20C2450A6CA6}.Ad-Hoc|Any CPU.ActiveCfg = Debug|Any CPU
		{CB8FBE50-1F74-44D2-83B1-20C2450A6CA6}.Ad-Hoc|Any CPU.Build.0 = Debug|Any CPU
		{CB8FBE50-1F74-44D2-83B1-20C2450A6CA6}.Ad-Hoc|ARM.ActiveCfg = Debug|Any CPU
		{CB8FBE50-1F74-44D2-83B1-20C2450A6CA6}.Ad-Hoc|ARM.Build.0 = Debug|Any CPU
		{CB8FBE50-1F74-44D2-83B1-20C2450A6CA6}.Ad-Hoc|ARM64.ActiveCfg = Debug|Any CPU
		{CB8FBE50-1F74-44D2-83B1-20C2450A6CA6}.Ad-Hoc|ARM64.Build.0 = Debug|Any CPU
		{CB8FBE50-1F74-44D2-83B1-20C2450A6CA6}.Ad-Hoc|iPhone.ActiveCfg = Debug|Any CPU
		{CB8FBE50-1F74-44D2-83B1-20C2450A6CA6}.Ad-Hoc|iPhone.Build.0 = Debug|Any CPU
		{CB8FBE50-1F74-44D2-83B1-20C2450A6CA6}.Ad-Hoc|iPhoneSimulator.ActiveCfg = Debug|Any CPU
		{CB8FBE50-1F74-44D2-83B1-20C2450A6CA6}.Ad-Hoc|iPhoneSimulator.Build.0 = Debug|Any CPU
		{CB8FBE50-1F74-44D2-83B1-20C2450A6CA6}.Ad-Hoc|x64.ActiveCfg = Debug|Any CPU
		{CB8FBE50-1F74-44D2-83B1-20C2450A6CA6}.Ad-Hoc|x64.Build.0 = Debug|Any CPU
		{CB8FBE50-1F74-44D2-83B1-20C2450A6CA6}.Ad-Hoc|x86.ActiveCfg = Debug|Any CPU
		{CB8FBE50-1F74-44D2-83B1-20C2450A6CA6}.Ad-Hoc|x86.Build.0 = Debug|Any CPU
		{CB8FBE50-1F74-44D2-83B1-20C2450A6CA6}.AppStore|Any CPU.ActiveCfg = Debug|Any CPU
		{CB8FBE50-1F74-44D2-83B1-20C2450A6CA6}.AppStore|Any CPU.Build.0 = Debug|Any CPU
		{CB8FBE50-1F74-44D2-83B1-20C2450A6CA6}.AppStore|ARM.ActiveCfg = Debug|Any CPU
		{CB8FBE50-1F74-44D2-83B1-20C2450A6CA6}.AppStore|ARM.Build.0 = Debug|Any CPU
		{CB8FBE50-1F74-44D2-83B1-20C2450A6CA6}.AppStore|ARM64.ActiveCfg = Debug|Any CPU
		{CB8FBE50-1F74-44D2-83B1-20C2450A6CA6}.AppStore|ARM64.Build.0 = Debug|Any CPU
		{CB8FBE50-1F74-44D2-83B1-20C2450A6CA6}.AppStore|iPhone.ActiveCfg = Debug|Any CPU
		{CB8FBE50-1F74-44D2-83B1-20C2450A6CA6}.AppStore|iPhone.Build.0 = Debug|Any CPU
		{CB8FBE50-1F74-44D2-83B1-20C2450A6CA6}.AppStore|iPhoneSimulator.ActiveCfg = Debug|Any CPU
		{CB8FBE50-1F74-44D2-83B1-20C2450A6CA6}.AppStore|iPhoneSimulator.Build.0 = Debug|Any CPU
		{CB8FBE50-1F74-44D2-83B1-20C2450A6CA6}.AppStore|x64.ActiveCfg = Debug|Any CPU
		{CB8FBE50-1F74-44D2-83B1-20C2450A6CA6}.AppStore|x64.Build.0 = Debug|Any CPU
		{CB8FBE50-1F74-44D2-83B1-20C2450A6CA6}.AppStore|x86.ActiveCfg = Debug|Any CPU
		{CB8FBE50-1F74-44D2-83B1-20C2450A6CA6}.AppStore|x86.Build.0 = Debug|Any CPU
		{CB8FBE50-1F74-44D2-83B1-20C2450A6CA6}.Debug|Any CPU.ActiveCfg = Debug|Any CPU
		{CB8FBE50-1F74-44D2-83B1-20C2450A6CA6}.Debug|Any CPU.Build.0 = Debug|Any CPU
		{CB8FBE50-1F74-44D2-83B1-20C2450A6CA6}.Debug|ARM.ActiveCfg = Debug|Any CPU
		{CB8FBE50-1F74-44D2-83B1-20C2450A6CA6}.Debug|ARM.Build.0 = Debug|Any CPU
		{CB8FBE50-1F74-44D2-83B1-20C2450A6CA6}.Debug|ARM64.ActiveCfg = Debug|Any CPU
		{CB8FBE50-1F74-44D2-83B1-20C2450A6CA6}.Debug|ARM64.Build.0 = Debug|Any CPU
		{CB8FBE50-1F74-44D2-83B1-20C2450A6CA6}.Debug|iPhone.ActiveCfg = Debug|Any CPU
		{CB8FBE50-1F74-44D2-83B1-20C2450A6CA6}.Debug|iPhone.Build.0 = Debug|Any CPU
		{CB8FBE50-1F74-44D2-83B1-20C2450A6CA6}.Debug|iPhoneSimulator.ActiveCfg = Debug|Any CPU
		{CB8FBE50-1F74-44D2-83B1-20C2450A6CA6}.Debug|iPhoneSimulator.Build.0 = Debug|Any CPU
		{CB8FBE50-1F74-44D2-83B1-20C2450A6CA6}.Debug|x64.ActiveCfg = Debug|Any CPU
		{CB8FBE50-1F74-44D2-83B1-20C2450A6CA6}.Debug|x64.Build.0 = Debug|Any CPU
		{CB8FBE50-1F74-44D2-83B1-20C2450A6CA6}.Debug|x86.ActiveCfg = Debug|Any CPU
		{CB8FBE50-1F74-44D2-83B1-20C2450A6CA6}.Debug|x86.Build.0 = Debug|Any CPU
		{CB8FBE50-1F74-44D2-83B1-20C2450A6CA6}.Release|Any CPU.ActiveCfg = Release|Any CPU
		{CB8FBE50-1F74-44D2-83B1-20C2450A6CA6}.Release|Any CPU.Build.0 = Release|Any CPU
		{CB8FBE50-1F74-44D2-83B1-20C2450A6CA6}.Release|ARM.ActiveCfg = Release|Any CPU
		{CB8FBE50-1F74-44D2-83B1-20C2450A6CA6}.Release|ARM.Build.0 = Release|Any CPU
		{CB8FBE50-1F74-44D2-83B1-20C2450A6CA6}.Release|ARM64.ActiveCfg = Release|Any CPU
		{CB8FBE50-1F74-44D2-83B1-20C2450A6CA6}.Release|ARM64.Build.0 = Release|Any CPU
		{CB8FBE50-1F74-44D2-83B1-20C2450A6CA6}.Release|iPhone.ActiveCfg = Release|Any CPU
		{CB8FBE50-1F74-44D2-83B1-20C2450A6CA6}.Release|iPhone.Build.0 = Release|Any CPU
		{CB8FBE50-1F74-44D2-83B1-20C2450A6CA6}.Release|iPhoneSimulator.ActiveCfg = Release|Any CPU
		{CB8FBE50-1F74-44D2-83B1-20C2450A6CA6}.Release|iPhoneSimulator.Build.0 = Release|Any CPU
		{CB8FBE50-1F74-44D2-83B1-20C2450A6CA6}.Release|x64.ActiveCfg = Release|Any CPU
		{CB8FBE50-1F74-44D2-83B1-20C2450A6CA6}.Release|x64.Build.0 = Release|Any CPU
		{CB8FBE50-1F74-44D2-83B1-20C2450A6CA6}.Release|x86.ActiveCfg = Release|Any CPU
		{CB8FBE50-1F74-44D2-83B1-20C2450A6CA6}.Release|x86.Build.0 = Release|Any CPU
		{84002309-CD96-44A0-95FF-716CC9CACA1D}.Ad-Hoc|Any CPU.ActiveCfg = Debug|iPhoneSimulator
		{84002309-CD96-44A0-95FF-716CC9CACA1D}.Ad-Hoc|Any CPU.Build.0 = Debug|iPhoneSimulator
		{84002309-CD96-44A0-95FF-716CC9CACA1D}.Ad-Hoc|ARM.ActiveCfg = Debug|iPhoneSimulator
		{84002309-CD96-44A0-95FF-716CC9CACA1D}.Ad-Hoc|ARM.Build.0 = Debug|iPhoneSimulator
		{84002309-CD96-44A0-95FF-716CC9CACA1D}.Ad-Hoc|ARM64.ActiveCfg = Debug|iPhoneSimulator
		{84002309-CD96-44A0-95FF-716CC9CACA1D}.Ad-Hoc|ARM64.Build.0 = Debug|iPhoneSimulator
		{84002309-CD96-44A0-95FF-716CC9CACA1D}.Ad-Hoc|iPhone.ActiveCfg = Debug|iPhoneSimulator
		{84002309-CD96-44A0-95FF-716CC9CACA1D}.Ad-Hoc|iPhone.Build.0 = Debug|iPhoneSimulator
		{84002309-CD96-44A0-95FF-716CC9CACA1D}.Ad-Hoc|iPhoneSimulator.ActiveCfg = Debug|iPhoneSimulator
		{84002309-CD96-44A0-95FF-716CC9CACA1D}.Ad-Hoc|iPhoneSimulator.Build.0 = Debug|iPhoneSimulator
		{84002309-CD96-44A0-95FF-716CC9CACA1D}.Ad-Hoc|x64.ActiveCfg = Debug|iPhoneSimulator
		{84002309-CD96-44A0-95FF-716CC9CACA1D}.Ad-Hoc|x64.Build.0 = Debug|iPhoneSimulator
		{84002309-CD96-44A0-95FF-716CC9CACA1D}.Ad-Hoc|x86.ActiveCfg = Debug|iPhoneSimulator
		{84002309-CD96-44A0-95FF-716CC9CACA1D}.Ad-Hoc|x86.Build.0 = Debug|iPhoneSimulator
		{84002309-CD96-44A0-95FF-716CC9CACA1D}.AppStore|Any CPU.ActiveCfg = Debug|iPhoneSimulator
		{84002309-CD96-44A0-95FF-716CC9CACA1D}.AppStore|Any CPU.Build.0 = Debug|iPhoneSimulator
		{84002309-CD96-44A0-95FF-716CC9CACA1D}.AppStore|ARM.ActiveCfg = Debug|iPhoneSimulator
		{84002309-CD96-44A0-95FF-716CC9CACA1D}.AppStore|ARM.Build.0 = Debug|iPhoneSimulator
		{84002309-CD96-44A0-95FF-716CC9CACA1D}.AppStore|ARM64.ActiveCfg = Debug|iPhoneSimulator
		{84002309-CD96-44A0-95FF-716CC9CACA1D}.AppStore|ARM64.Build.0 = Debug|iPhoneSimulator
		{84002309-CD96-44A0-95FF-716CC9CACA1D}.AppStore|iPhone.ActiveCfg = Debug|iPhoneSimulator
		{84002309-CD96-44A0-95FF-716CC9CACA1D}.AppStore|iPhone.Build.0 = Debug|iPhoneSimulator
		{84002309-CD96-44A0-95FF-716CC9CACA1D}.AppStore|iPhoneSimulator.ActiveCfg = Debug|iPhoneSimulator
		{84002309-CD96-44A0-95FF-716CC9CACA1D}.AppStore|iPhoneSimulator.Build.0 = Debug|iPhoneSimulator
		{84002309-CD96-44A0-95FF-716CC9CACA1D}.AppStore|x64.ActiveCfg = Debug|iPhoneSimulator
		{84002309-CD96-44A0-95FF-716CC9CACA1D}.AppStore|x64.Build.0 = Debug|iPhoneSimulator
		{84002309-CD96-44A0-95FF-716CC9CACA1D}.AppStore|x86.ActiveCfg = Debug|iPhoneSimulator
		{84002309-CD96-44A0-95FF-716CC9CACA1D}.AppStore|x86.Build.0 = Debug|iPhoneSimulator
		{84002309-CD96-44A0-95FF-716CC9CACA1D}.Debug|Any CPU.ActiveCfg = Debug|iPhoneSimulator
		{84002309-CD96-44A0-95FF-716CC9CACA1D}.Debug|Any CPU.Build.0 = Debug|iPhoneSimulator
		{84002309-CD96-44A0-95FF-716CC9CACA1D}.Debug|ARM.ActiveCfg = Debug|iPhoneSimulator
		{84002309-CD96-44A0-95FF-716CC9CACA1D}.Debug|ARM.Build.0 = Debug|iPhoneSimulator
		{84002309-CD96-44A0-95FF-716CC9CACA1D}.Debug|ARM64.ActiveCfg = Debug|iPhoneSimulator
		{84002309-CD96-44A0-95FF-716CC9CACA1D}.Debug|ARM64.Build.0 = Debug|iPhoneSimulator
		{84002309-CD96-44A0-95FF-716CC9CACA1D}.Debug|iPhone.ActiveCfg = Debug|iPhoneSimulator
		{84002309-CD96-44A0-95FF-716CC9CACA1D}.Debug|iPhone.Build.0 = Debug|iPhoneSimulator
		{84002309-CD96-44A0-95FF-716CC9CACA1D}.Debug|iPhoneSimulator.ActiveCfg = Debug|iPhoneSimulator
		{84002309-CD96-44A0-95FF-716CC9CACA1D}.Debug|iPhoneSimulator.Build.0 = Debug|iPhoneSimulator
		{84002309-CD96-44A0-95FF-716CC9CACA1D}.Debug|x64.ActiveCfg = Debug|iPhoneSimulator
		{84002309-CD96-44A0-95FF-716CC9CACA1D}.Debug|x64.Build.0 = Debug|iPhoneSimulator
		{84002309-CD96-44A0-95FF-716CC9CACA1D}.Debug|x86.ActiveCfg = Debug|iPhoneSimulator
		{84002309-CD96-44A0-95FF-716CC9CACA1D}.Debug|x86.Build.0 = Debug|iPhoneSimulator
		{84002309-CD96-44A0-95FF-716CC9CACA1D}.Release|Any CPU.ActiveCfg = Release|iPhoneSimulator
		{84002309-CD96-44A0-95FF-716CC9CACA1D}.Release|Any CPU.Build.0 = Release|iPhoneSimulator
		{84002309-CD96-44A0-95FF-716CC9CACA1D}.Release|ARM.ActiveCfg = Release|iPhoneSimulator
		{84002309-CD96-44A0-95FF-716CC9CACA1D}.Release|ARM.Build.0 = Release|iPhoneSimulator
		{84002309-CD96-44A0-95FF-716CC9CACA1D}.Release|ARM64.ActiveCfg = Release|iPhoneSimulator
		{84002309-CD96-44A0-95FF-716CC9CACA1D}.Release|ARM64.Build.0 = Release|iPhoneSimulator
		{84002309-CD96-44A0-95FF-716CC9CACA1D}.Release|iPhone.ActiveCfg = Release|iPhoneSimulator
		{84002309-CD96-44A0-95FF-716CC9CACA1D}.Release|iPhone.Build.0 = Release|iPhoneSimulator
		{84002309-CD96-44A0-95FF-716CC9CACA1D}.Release|iPhoneSimulator.ActiveCfg = Release|iPhoneSimulator
		{84002309-CD96-44A0-95FF-716CC9CACA1D}.Release|iPhoneSimulator.Build.0 = Release|iPhoneSimulator
		{84002309-CD96-44A0-95FF-716CC9CACA1D}.Release|x64.ActiveCfg = Release|iPhoneSimulator
		{84002309-CD96-44A0-95FF-716CC9CACA1D}.Release|x64.Build.0 = Release|iPhoneSimulator
		{84002309-CD96-44A0-95FF-716CC9CACA1D}.Release|x86.ActiveCfg = Release|iPhoneSimulator
		{84002309-CD96-44A0-95FF-716CC9CACA1D}.Release|x86.Build.0 = Release|iPhoneSimulator
		{D112AA09-7F6C-4799-B622-65A191294E95}.Ad-Hoc|Any CPU.ActiveCfg = Debug|Any CPU
		{D112AA09-7F6C-4799-B622-65A191294E95}.Ad-Hoc|Any CPU.Build.0 = Debug|Any CPU
		{D112AA09-7F6C-4799-B622-65A191294E95}.Ad-Hoc|ARM.ActiveCfg = Debug|Any CPU
		{D112AA09-7F6C-4799-B622-65A191294E95}.Ad-Hoc|ARM.Build.0 = Debug|Any CPU
		{D112AA09-7F6C-4799-B622-65A191294E95}.Ad-Hoc|ARM64.ActiveCfg = Debug|Any CPU
		{D112AA09-7F6C-4799-B622-65A191294E95}.Ad-Hoc|ARM64.Build.0 = Debug|Any CPU
		{D112AA09-7F6C-4799-B622-65A191294E95}.Ad-Hoc|iPhone.ActiveCfg = Debug|Any CPU
		{D112AA09-7F6C-4799-B622-65A191294E95}.Ad-Hoc|iPhone.Build.0 = Debug|Any CPU
		{D112AA09-7F6C-4799-B622-65A191294E95}.Ad-Hoc|iPhoneSimulator.ActiveCfg = Debug|Any CPU
		{D112AA09-7F6C-4799-B622-65A191294E95}.Ad-Hoc|iPhoneSimulator.Build.0 = Debug|Any CPU
		{D112AA09-7F6C-4799-B622-65A191294E95}.Ad-Hoc|x64.ActiveCfg = Debug|Any CPU
		{D112AA09-7F6C-4799-B622-65A191294E95}.Ad-Hoc|x64.Build.0 = Debug|Any CPU
		{D112AA09-7F6C-4799-B622-65A191294E95}.Ad-Hoc|x86.ActiveCfg = Debug|Any CPU
		{D112AA09-7F6C-4799-B622-65A191294E95}.Ad-Hoc|x86.Build.0 = Debug|Any CPU
		{D112AA09-7F6C-4799-B622-65A191294E95}.AppStore|Any CPU.ActiveCfg = Debug|Any CPU
		{D112AA09-7F6C-4799-B622-65A191294E95}.AppStore|Any CPU.Build.0 = Debug|Any CPU
		{D112AA09-7F6C-4799-B622-65A191294E95}.AppStore|ARM.ActiveCfg = Debug|Any CPU
		{D112AA09-7F6C-4799-B622-65A191294E95}.AppStore|ARM.Build.0 = Debug|Any CPU
		{D112AA09-7F6C-4799-B622-65A191294E95}.AppStore|ARM64.ActiveCfg = Debug|Any CPU
		{D112AA09-7F6C-4799-B622-65A191294E95}.AppStore|ARM64.Build.0 = Debug|Any CPU
		{D112AA09-7F6C-4799-B622-65A191294E95}.AppStore|iPhone.ActiveCfg = Debug|Any CPU
		{D112AA09-7F6C-4799-B622-65A191294E95}.AppStore|iPhone.Build.0 = Debug|Any CPU
		{D112AA09-7F6C-4799-B622-65A191294E95}.AppStore|iPhoneSimulator.ActiveCfg = Debug|Any CPU
		{D112AA09-7F6C-4799-B622-65A191294E95}.AppStore|iPhoneSimulator.Build.0 = Debug|Any CPU
		{D112AA09-7F6C-4799-B622-65A191294E95}.AppStore|x64.ActiveCfg = Debug|Any CPU
		{D112AA09-7F6C-4799-B622-65A191294E95}.AppStore|x64.Build.0 = Debug|Any CPU
		{D112AA09-7F6C-4799-B622-65A191294E95}.AppStore|x86.ActiveCfg = Debug|Any CPU
		{D112AA09-7F6C-4799-B622-65A191294E95}.AppStore|x86.Build.0 = Debug|Any CPU
		{D112AA09-7F6C-4799-B622-65A191294E95}.Debug|Any CPU.ActiveCfg = Debug|Any CPU
		{D112AA09-7F6C-4799-B622-65A191294E95}.Debug|Any CPU.Build.0 = Debug|Any CPU
		{D112AA09-7F6C-4799-B622-65A191294E95}.Debug|ARM.ActiveCfg = Debug|Any CPU
		{D112AA09-7F6C-4799-B622-65A191294E95}.Debug|ARM.Build.0 = Debug|Any CPU
		{D112AA09-7F6C-4799-B622-65A191294E95}.Debug|ARM64.ActiveCfg = Debug|Any CPU
		{D112AA09-7F6C-4799-B622-65A191294E95}.Debug|ARM64.Build.0 = Debug|Any CPU
		{D112AA09-7F6C-4799-B622-65A191294E95}.Debug|iPhone.ActiveCfg = Debug|Any CPU
		{D112AA09-7F6C-4799-B622-65A191294E95}.Debug|iPhone.Build.0 = Debug|Any CPU
		{D112AA09-7F6C-4799-B622-65A191294E95}.Debug|iPhoneSimulator.ActiveCfg = Debug|Any CPU
		{D112AA09-7F6C-4799-B622-65A191294E95}.Debug|iPhoneSimulator.Build.0 = Debug|Any CPU
		{D112AA09-7F6C-4799-B622-65A191294E95}.Debug|x64.ActiveCfg = Debug|Any CPU
		{D112AA09-7F6C-4799-B622-65A191294E95}.Debug|x64.Build.0 = Debug|Any CPU
		{D112AA09-7F6C-4799-B622-65A191294E95}.Debug|x86.ActiveCfg = Debug|Any CPU
		{D112AA09-7F6C-4799-B622-65A191294E95}.Debug|x86.Build.0 = Debug|Any CPU
		{D112AA09-7F6C-4799-B622-65A191294E95}.Release|Any CPU.ActiveCfg = Release|Any CPU
		{D112AA09-7F6C-4799-B622-65A191294E95}.Release|Any CPU.Build.0 = Release|Any CPU
		{D112AA09-7F6C-4799-B622-65A191294E95}.Release|ARM.ActiveCfg = Release|Any CPU
		{D112AA09-7F6C-4799-B622-65A191294E95}.Release|ARM.Build.0 = Release|Any CPU
		{D112AA09-7F6C-4799-B622-65A191294E95}.Release|ARM64.ActiveCfg = Release|Any CPU
		{D112AA09-7F6C-4799-B622-65A191294E95}.Release|ARM64.Build.0 = Release|Any CPU
		{D112AA09-7F6C-4799-B622-65A191294E95}.Release|iPhone.ActiveCfg = Release|Any CPU
		{D112AA09-7F6C-4799-B622-65A191294E95}.Release|iPhone.Build.0 = Release|Any CPU
		{D112AA09-7F6C-4799-B622-65A191294E95}.Release|iPhoneSimulator.ActiveCfg = Release|Any CPU
		{D112AA09-7F6C-4799-B622-65A191294E95}.Release|iPhoneSimulator.Build.0 = Release|Any CPU
		{D112AA09-7F6C-4799-B622-65A191294E95}.Release|x64.ActiveCfg = Release|Any CPU
		{D112AA09-7F6C-4799-B622-65A191294E95}.Release|x64.Build.0 = Release|Any CPU
		{D112AA09-7F6C-4799-B622-65A191294E95}.Release|x86.ActiveCfg = Release|Any CPU
		{D112AA09-7F6C-4799-B622-65A191294E95}.Release|x86.Build.0 = Release|Any CPU
		{E3DEBED9-D2F3-4473-B255-8B82F4FF90D7}.Ad-Hoc|Any CPU.ActiveCfg = Debug|Any CPU
		{E3DEBED9-D2F3-4473-B255-8B82F4FF90D7}.Ad-Hoc|Any CPU.Build.0 = Debug|Any CPU
		{E3DEBED9-D2F3-4473-B255-8B82F4FF90D7}.Ad-Hoc|ARM.ActiveCfg = Debug|Any CPU
		{E3DEBED9-D2F3-4473-B255-8B82F4FF90D7}.Ad-Hoc|ARM.Build.0 = Debug|Any CPU
		{E3DEBED9-D2F3-4473-B255-8B82F4FF90D7}.Ad-Hoc|ARM64.ActiveCfg = Debug|Any CPU
		{E3DEBED9-D2F3-4473-B255-8B82F4FF90D7}.Ad-Hoc|ARM64.Build.0 = Debug|Any CPU
		{E3DEBED9-D2F3-4473-B255-8B82F4FF90D7}.Ad-Hoc|iPhone.ActiveCfg = Debug|Any CPU
		{E3DEBED9-D2F3-4473-B255-8B82F4FF90D7}.Ad-Hoc|iPhone.Build.0 = Debug|Any CPU
		{E3DEBED9-D2F3-4473-B255-8B82F4FF90D7}.Ad-Hoc|iPhoneSimulator.ActiveCfg = Debug|Any CPU
		{E3DEBED9-D2F3-4473-B255-8B82F4FF90D7}.Ad-Hoc|iPhoneSimulator.Build.0 = Debug|Any CPU
		{E3DEBED9-D2F3-4473-B255-8B82F4FF90D7}.Ad-Hoc|x64.ActiveCfg = Debug|Any CPU
		{E3DEBED9-D2F3-4473-B255-8B82F4FF90D7}.Ad-Hoc|x64.Build.0 = Debug|Any CPU
		{E3DEBED9-D2F3-4473-B255-8B82F4FF90D7}.Ad-Hoc|x86.ActiveCfg = Debug|Any CPU
		{E3DEBED9-D2F3-4473-B255-8B82F4FF90D7}.Ad-Hoc|x86.Build.0 = Debug|Any CPU
		{E3DEBED9-D2F3-4473-B255-8B82F4FF90D7}.AppStore|Any CPU.ActiveCfg = Debug|Any CPU
		{E3DEBED9-D2F3-4473-B255-8B82F4FF90D7}.AppStore|Any CPU.Build.0 = Debug|Any CPU
		{E3DEBED9-D2F3-4473-B255-8B82F4FF90D7}.AppStore|ARM.ActiveCfg = Debug|Any CPU
		{E3DEBED9-D2F3-4473-B255-8B82F4FF90D7}.AppStore|ARM.Build.0 = Debug|Any CPU
		{E3DEBED9-D2F3-4473-B255-8B82F4FF90D7}.AppStore|ARM64.ActiveCfg = Debug|Any CPU
		{E3DEBED9-D2F3-4473-B255-8B82F4FF90D7}.AppStore|ARM64.Build.0 = Debug|Any CPU
		{E3DEBED9-D2F3-4473-B255-8B82F4FF90D7}.AppStore|iPhone.ActiveCfg = Debug|Any CPU
		{E3DEBED9-D2F3-4473-B255-8B82F4FF90D7}.AppStore|iPhone.Build.0 = Debug|Any CPU
		{E3DEBED9-D2F3-4473-B255-8B82F4FF90D7}.AppStore|iPhoneSimulator.ActiveCfg = Debug|Any CPU
		{E3DEBED9-D2F3-4473-B255-8B82F4FF90D7}.AppStore|iPhoneSimulator.Build.0 = Debug|Any CPU
		{E3DEBED9-D2F3-4473-B255-8B82F4FF90D7}.AppStore|x64.ActiveCfg = Debug|Any CPU
		{E3DEBED9-D2F3-4473-B255-8B82F4FF90D7}.AppStore|x64.Build.0 = Debug|Any CPU
		{E3DEBED9-D2F3-4473-B255-8B82F4FF90D7}.AppStore|x86.ActiveCfg = Debug|Any CPU
		{E3DEBED9-D2F3-4473-B255-8B82F4FF90D7}.AppStore|x86.Build.0 = Debug|Any CPU
		{E3DEBED9-D2F3-4473-B255-8B82F4FF90D7}.Debug|Any CPU.ActiveCfg = Debug|Any CPU
		{E3DEBED9-D2F3-4473-B255-8B82F4FF90D7}.Debug|Any CPU.Build.0 = Debug|Any CPU
		{E3DEBED9-D2F3-4473-B255-8B82F4FF90D7}.Debug|ARM.ActiveCfg = Debug|Any CPU
		{E3DEBED9-D2F3-4473-B255-8B82F4FF90D7}.Debug|ARM.Build.0 = Debug|Any CPU
		{E3DEBED9-D2F3-4473-B255-8B82F4FF90D7}.Debug|ARM64.ActiveCfg = Debug|Any CPU
		{E3DEBED9-D2F3-4473-B255-8B82F4FF90D7}.Debug|ARM64.Build.0 = Debug|Any CPU
		{E3DEBED9-D2F3-4473-B255-8B82F4FF90D7}.Debug|iPhone.ActiveCfg = Debug|Any CPU
		{E3DEBED9-D2F3-4473-B255-8B82F4FF90D7}.Debug|iPhone.Build.0 = Debug|Any CPU
		{E3DEBED9-D2F3-4473-B255-8B82F4FF90D7}.Debug|iPhoneSimulator.ActiveCfg = Debug|Any CPU
		{E3DEBED9-D2F3-4473-B255-8B82F4FF90D7}.Debug|iPhoneSimulator.Build.0 = Debug|Any CPU
		{E3DEBED9-D2F3-4473-B255-8B82F4FF90D7}.Debug|x64.ActiveCfg = Debug|Any CPU
		{E3DEBED9-D2F3-4473-B255-8B82F4FF90D7}.Debug|x64.Build.0 = Debug|Any CPU
		{E3DEBED9-D2F3-4473-B255-8B82F4FF90D7}.Debug|x86.ActiveCfg = Debug|Any CPU
		{E3DEBED9-D2F3-4473-B255-8B82F4FF90D7}.Debug|x86.Build.0 = Debug|Any CPU
		{E3DEBED9-D2F3-4473-B255-8B82F4FF90D7}.Release|Any CPU.ActiveCfg = Release|Any CPU
		{E3DEBED9-D2F3-4473-B255-8B82F4FF90D7}.Release|Any CPU.Build.0 = Release|Any CPU
		{E3DEBED9-D2F3-4473-B255-8B82F4FF90D7}.Release|ARM.ActiveCfg = Release|Any CPU
		{E3DEBED9-D2F3-4473-B255-8B82F4FF90D7}.Release|ARM.Build.0 = Release|Any CPU
		{E3DEBED9-D2F3-4473-B255-8B82F4FF90D7}.Release|ARM64.ActiveCfg = Release|Any CPU
		{E3DEBED9-D2F3-4473-B255-8B82F4FF90D7}.Release|ARM64.Build.0 = Release|Any CPU
		{E3DEBED9-D2F3-4473-B255-8B82F4FF90D7}.Release|iPhone.ActiveCfg = Release|Any CPU
		{E3DEBED9-D2F3-4473-B255-8B82F4FF90D7}.Release|iPhone.Build.0 = Release|Any CPU
		{E3DEBED9-D2F3-4473-B255-8B82F4FF90D7}.Release|iPhoneSimulator.ActiveCfg = Release|Any CPU
		{E3DEBED9-D2F3-4473-B255-8B82F4FF90D7}.Release|iPhoneSimulator.Build.0 = Release|Any CPU
		{E3DEBED9-D2F3-4473-B255-8B82F4FF90D7}.Release|x64.ActiveCfg = Release|Any CPU
		{E3DEBED9-D2F3-4473-B255-8B82F4FF90D7}.Release|x64.Build.0 = Release|Any CPU
		{E3DEBED9-D2F3-4473-B255-8B82F4FF90D7}.Release|x86.ActiveCfg = Release|Any CPU
		{E3DEBED9-D2F3-4473-B255-8B82F4FF90D7}.Release|x86.Build.0 = Release|Any CPU
		{C05B8575-11CE-4CDC-B59D-81EFED5E04D6}.Ad-Hoc|Any CPU.ActiveCfg = Debug|Any CPU
		{C05B8575-11CE-4CDC-B59D-81EFED5E04D6}.Ad-Hoc|Any CPU.Build.0 = Debug|Any CPU
		{C05B8575-11CE-4CDC-B59D-81EFED5E04D6}.Ad-Hoc|ARM.ActiveCfg = Debug|Any CPU
		{C05B8575-11CE-4CDC-B59D-81EFED5E04D6}.Ad-Hoc|ARM.Build.0 = Debug|Any CPU
		{C05B8575-11CE-4CDC-B59D-81EFED5E04D6}.Ad-Hoc|ARM64.ActiveCfg = Debug|Any CPU
		{C05B8575-11CE-4CDC-B59D-81EFED5E04D6}.Ad-Hoc|ARM64.Build.0 = Debug|Any CPU
		{C05B8575-11CE-4CDC-B59D-81EFED5E04D6}.Ad-Hoc|iPhone.ActiveCfg = Debug|Any CPU
		{C05B8575-11CE-4CDC-B59D-81EFED5E04D6}.Ad-Hoc|iPhone.Build.0 = Debug|Any CPU
		{C05B8575-11CE-4CDC-B59D-81EFED5E04D6}.Ad-Hoc|iPhoneSimulator.ActiveCfg = Debug|Any CPU
		{C05B8575-11CE-4CDC-B59D-81EFED5E04D6}.Ad-Hoc|iPhoneSimulator.Build.0 = Debug|Any CPU
		{C05B8575-11CE-4CDC-B59D-81EFED5E04D6}.Ad-Hoc|x64.ActiveCfg = Debug|Any CPU
		{C05B8575-11CE-4CDC-B59D-81EFED5E04D6}.Ad-Hoc|x64.Build.0 = Debug|Any CPU
		{C05B8575-11CE-4CDC-B59D-81EFED5E04D6}.Ad-Hoc|x86.ActiveCfg = Debug|Any CPU
		{C05B8575-11CE-4CDC-B59D-81EFED5E04D6}.Ad-Hoc|x86.Build.0 = Debug|Any CPU
		{C05B8575-11CE-4CDC-B59D-81EFED5E04D6}.AppStore|Any CPU.ActiveCfg = Debug|Any CPU
		{C05B8575-11CE-4CDC-B59D-81EFED5E04D6}.AppStore|Any CPU.Build.0 = Debug|Any CPU
		{C05B8575-11CE-4CDC-B59D-81EFED5E04D6}.AppStore|ARM.ActiveCfg = Debug|Any CPU
		{C05B8575-11CE-4CDC-B59D-81EFED5E04D6}.AppStore|ARM.Build.0 = Debug|Any CPU
		{C05B8575-11CE-4CDC-B59D-81EFED5E04D6}.AppStore|ARM64.ActiveCfg = Debug|Any CPU
		{C05B8575-11CE-4CDC-B59D-81EFED5E04D6}.AppStore|ARM64.Build.0 = Debug|Any CPU
		{C05B8575-11CE-4CDC-B59D-81EFED5E04D6}.AppStore|iPhone.ActiveCfg = Debug|Any CPU
		{C05B8575-11CE-4CDC-B59D-81EFED5E04D6}.AppStore|iPhone.Build.0 = Debug|Any CPU
		{C05B8575-11CE-4CDC-B59D-81EFED5E04D6}.AppStore|iPhoneSimulator.ActiveCfg = Debug|Any CPU
		{C05B8575-11CE-4CDC-B59D-81EFED5E04D6}.AppStore|iPhoneSimulator.Build.0 = Debug|Any CPU
		{C05B8575-11CE-4CDC-B59D-81EFED5E04D6}.AppStore|x64.ActiveCfg = Debug|Any CPU
		{C05B8575-11CE-4CDC-B59D-81EFED5E04D6}.AppStore|x64.Build.0 = Debug|Any CPU
		{C05B8575-11CE-4CDC-B59D-81EFED5E04D6}.AppStore|x86.ActiveCfg = Debug|Any CPU
		{C05B8575-11CE-4CDC-B59D-81EFED5E04D6}.AppStore|x86.Build.0 = Debug|Any CPU
		{C05B8575-11CE-4CDC-B59D-81EFED5E04D6}.Debug|Any CPU.ActiveCfg = Debug|Any CPU
		{C05B8575-11CE-4CDC-B59D-81EFED5E04D6}.Debug|Any CPU.Build.0 = Debug|Any CPU
		{C05B8575-11CE-4CDC-B59D-81EFED5E04D6}.Debug|ARM.ActiveCfg = Debug|Any CPU
		{C05B8575-11CE-4CDC-B59D-81EFED5E04D6}.Debug|ARM.Build.0 = Debug|Any CPU
		{C05B8575-11CE-4CDC-B59D-81EFED5E04D6}.Debug|ARM64.ActiveCfg = Debug|Any CPU
		{C05B8575-11CE-4CDC-B59D-81EFED5E04D6}.Debug|ARM64.Build.0 = Debug|Any CPU
		{C05B8575-11CE-4CDC-B59D-81EFED5E04D6}.Debug|iPhone.ActiveCfg = Debug|Any CPU
		{C05B8575-11CE-4CDC-B59D-81EFED5E04D6}.Debug|iPhone.Build.0 = Debug|Any CPU
		{C05B8575-11CE-4CDC-B59D-81EFED5E04D6}.Debug|iPhoneSimulator.ActiveCfg = Debug|Any CPU
		{C05B8575-11CE-4CDC-B59D-81EFED5E04D6}.Debug|iPhoneSimulator.Build.0 = Debug|Any CPU
		{C05B8575-11CE-4CDC-B59D-81EFED5E04D6}.Debug|x64.ActiveCfg = Debug|Any CPU
		{C05B8575-11CE-4CDC-B59D-81EFED5E04D6}.Debug|x64.Build.0 = Debug|Any CPU
		{C05B8575-11CE-4CDC-B59D-81EFED5E04D6}.Debug|x86.ActiveCfg = Debug|Any CPU
		{C05B8575-11CE-4CDC-B59D-81EFED5E04D6}.Debug|x86.Build.0 = Debug|Any CPU
		{C05B8575-11CE-4CDC-B59D-81EFED5E04D6}.Release|Any CPU.ActiveCfg = Release|Any CPU
		{C05B8575-11CE-4CDC-B59D-81EFED5E04D6}.Release|Any CPU.Build.0 = Release|Any CPU
		{C05B8575-11CE-4CDC-B59D-81EFED5E04D6}.Release|ARM.ActiveCfg = Release|Any CPU
		{C05B8575-11CE-4CDC-B59D-81EFED5E04D6}.Release|ARM.Build.0 = Release|Any CPU
		{C05B8575-11CE-4CDC-B59D-81EFED5E04D6}.Release|ARM64.ActiveCfg = Release|Any CPU
		{C05B8575-11CE-4CDC-B59D-81EFED5E04D6}.Release|ARM64.Build.0 = Release|Any CPU
		{C05B8575-11CE-4CDC-B59D-81EFED5E04D6}.Release|iPhone.ActiveCfg = Release|Any CPU
		{C05B8575-11CE-4CDC-B59D-81EFED5E04D6}.Release|iPhone.Build.0 = Release|Any CPU
		{C05B8575-11CE-4CDC-B59D-81EFED5E04D6}.Release|iPhoneSimulator.ActiveCfg = Release|Any CPU
		{C05B8575-11CE-4CDC-B59D-81EFED5E04D6}.Release|iPhoneSimulator.Build.0 = Release|Any CPU
		{C05B8575-11CE-4CDC-B59D-81EFED5E04D6}.Release|x64.ActiveCfg = Release|Any CPU
		{C05B8575-11CE-4CDC-B59D-81EFED5E04D6}.Release|x64.Build.0 = Release|Any CPU
		{C05B8575-11CE-4CDC-B59D-81EFED5E04D6}.Release|x86.ActiveCfg = Release|Any CPU
		{C05B8575-11CE-4CDC-B59D-81EFED5E04D6}.Release|x86.Build.0 = Release|Any CPU
		{EE40F702-28E5-4F0A-9419-632341C928D0}.Ad-Hoc|Any CPU.ActiveCfg = Debug|Any CPU
		{EE40F702-28E5-4F0A-9419-632341C928D0}.Ad-Hoc|Any CPU.Build.0 = Debug|Any CPU
		{EE40F702-28E5-4F0A-9419-632341C928D0}.Ad-Hoc|ARM.ActiveCfg = Debug|Any CPU
		{EE40F702-28E5-4F0A-9419-632341C928D0}.Ad-Hoc|ARM.Build.0 = Debug|Any CPU
		{EE40F702-28E5-4F0A-9419-632341C928D0}.Ad-Hoc|ARM64.ActiveCfg = Debug|Any CPU
		{EE40F702-28E5-4F0A-9419-632341C928D0}.Ad-Hoc|ARM64.Build.0 = Debug|Any CPU
		{EE40F702-28E5-4F0A-9419-632341C928D0}.Ad-Hoc|iPhone.ActiveCfg = Debug|Any CPU
		{EE40F702-28E5-4F0A-9419-632341C928D0}.Ad-Hoc|iPhone.Build.0 = Debug|Any CPU
		{EE40F702-28E5-4F0A-9419-632341C928D0}.Ad-Hoc|iPhoneSimulator.ActiveCfg = Debug|Any CPU
		{EE40F702-28E5-4F0A-9419-632341C928D0}.Ad-Hoc|iPhoneSimulator.Build.0 = Debug|Any CPU
		{EE40F702-28E5-4F0A-9419-632341C928D0}.Ad-Hoc|x64.ActiveCfg = Debug|Any CPU
		{EE40F702-28E5-4F0A-9419-632341C928D0}.Ad-Hoc|x64.Build.0 = Debug|Any CPU
		{EE40F702-28E5-4F0A-9419-632341C928D0}.Ad-Hoc|x86.ActiveCfg = Debug|Any CPU
		{EE40F702-28E5-4F0A-9419-632341C928D0}.Ad-Hoc|x86.Build.0 = Debug|Any CPU
		{EE40F702-28E5-4F0A-9419-632341C928D0}.AppStore|Any CPU.ActiveCfg = Debug|Any CPU
		{EE40F702-28E5-4F0A-9419-632341C928D0}.AppStore|Any CPU.Build.0 = Debug|Any CPU
		{EE40F702-28E5-4F0A-9419-632341C928D0}.AppStore|ARM.ActiveCfg = Debug|Any CPU
		{EE40F702-28E5-4F0A-9419-632341C928D0}.AppStore|ARM.Build.0 = Debug|Any CPU
		{EE40F702-28E5-4F0A-9419-632341C928D0}.AppStore|ARM64.ActiveCfg = Debug|Any CPU
		{EE40F702-28E5-4F0A-9419-632341C928D0}.AppStore|ARM64.Build.0 = Debug|Any CPU
		{EE40F702-28E5-4F0A-9419-632341C928D0}.AppStore|iPhone.ActiveCfg = Debug|Any CPU
		{EE40F702-28E5-4F0A-9419-632341C928D0}.AppStore|iPhone.Build.0 = Debug|Any CPU
		{EE40F702-28E5-4F0A-9419-632341C928D0}.AppStore|iPhoneSimulator.ActiveCfg = Debug|Any CPU
		{EE40F702-28E5-4F0A-9419-632341C928D0}.AppStore|iPhoneSimulator.Build.0 = Debug|Any CPU
		{EE40F702-28E5-4F0A-9419-632341C928D0}.AppStore|x64.ActiveCfg = Debug|Any CPU
		{EE40F702-28E5-4F0A-9419-632341C928D0}.AppStore|x64.Build.0 = Debug|Any CPU
		{EE40F702-28E5-4F0A-9419-632341C928D0}.AppStore|x86.ActiveCfg = Debug|Any CPU
		{EE40F702-28E5-4F0A-9419-632341C928D0}.AppStore|x86.Build.0 = Debug|Any CPU
		{EE40F702-28E5-4F0A-9419-632341C928D0}.Debug|Any CPU.ActiveCfg = Debug|Any CPU
		{EE40F702-28E5-4F0A-9419-632341C928D0}.Debug|Any CPU.Build.0 = Debug|Any CPU
		{EE40F702-28E5-4F0A-9419-632341C928D0}.Debug|ARM.ActiveCfg = Debug|Any CPU
		{EE40F702-28E5-4F0A-9419-632341C928D0}.Debug|ARM.Build.0 = Debug|Any CPU
		{EE40F702-28E5-4F0A-9419-632341C928D0}.Debug|ARM64.ActiveCfg = Debug|Any CPU
		{EE40F702-28E5-4F0A-9419-632341C928D0}.Debug|ARM64.Build.0 = Debug|Any CPU
		{EE40F702-28E5-4F0A-9419-632341C928D0}.Debug|iPhone.ActiveCfg = Debug|Any CPU
		{EE40F702-28E5-4F0A-9419-632341C928D0}.Debug|iPhone.Build.0 = Debug|Any CPU
		{EE40F702-28E5-4F0A-9419-632341C928D0}.Debug|iPhoneSimulator.ActiveCfg = Debug|Any CPU
		{EE40F702-28E5-4F0A-9419-632341C928D0}.Debug|iPhoneSimulator.Build.0 = Debug|Any CPU
		{EE40F702-28E5-4F0A-9419-632341C928D0}.Debug|x64.ActiveCfg = Debug|Any CPU
		{EE40F702-28E5-4F0A-9419-632341C928D0}.Debug|x64.Build.0 = Debug|Any CPU
		{EE40F702-28E5-4F0A-9419-632341C928D0}.Debug|x86.ActiveCfg = Debug|Any CPU
		{EE40F702-28E5-4F0A-9419-632341C928D0}.Debug|x86.Build.0 = Debug|Any CPU
		{EE40F702-28E5-4F0A-9419-632341C928D0}.Release|Any CPU.ActiveCfg = Release|Any CPU
		{EE40F702-28E5-4F0A-9419-632341C928D0}.Release|Any CPU.Build.0 = Release|Any CPU
		{EE40F702-28E5-4F0A-9419-632341C928D0}.Release|ARM.ActiveCfg = Release|Any CPU
		{EE40F702-28E5-4F0A-9419-632341C928D0}.Release|ARM.Build.0 = Release|Any CPU
		{EE40F702-28E5-4F0A-9419-632341C928D0}.Release|ARM64.ActiveCfg = Release|Any CPU
		{EE40F702-28E5-4F0A-9419-632341C928D0}.Release|ARM64.Build.0 = Release|Any CPU
		{EE40F702-28E5-4F0A-9419-632341C928D0}.Release|iPhone.ActiveCfg = Release|Any CPU
		{EE40F702-28E5-4F0A-9419-632341C928D0}.Release|iPhone.Build.0 = Release|Any CPU
		{EE40F702-28E5-4F0A-9419-632341C928D0}.Release|iPhoneSimulator.ActiveCfg = Release|Any CPU
		{EE40F702-28E5-4F0A-9419-632341C928D0}.Release|iPhoneSimulator.Build.0 = Release|Any CPU
		{EE40F702-28E5-4F0A-9419-632341C928D0}.Release|x64.ActiveCfg = Release|Any CPU
		{EE40F702-28E5-4F0A-9419-632341C928D0}.Release|x64.Build.0 = Release|Any CPU
		{EE40F702-28E5-4F0A-9419-632341C928D0}.Release|x86.ActiveCfg = Release|Any CPU
		{EE40F702-28E5-4F0A-9419-632341C928D0}.Release|x86.Build.0 = Release|Any CPU
	EndGlobalSection
	GlobalSection(SolutionProperties) = preSolution
		HideSolutionNode = FALSE
	EndGlobalSection
	GlobalSection(NestedProjects) = preSolution
		{9316CBB3-3B59-4F3B-989A-640A52F22052} = {0D98FE8B-7054-4456-80E0-93722F249664}
		{C2B888C6-C438-4D4C-AD15-079AAE691FEB} = {0D98FE8B-7054-4456-80E0-93722F249664}
		{98E003B1-5638-47C6-8AF5-8DE928AEE2F6} = {0D98FE8B-7054-4456-80E0-93722F249664}
		{CB8FBE50-1F74-44D2-83B1-20C2450A6CA6} = {0D98FE8B-7054-4456-80E0-93722F249664}
		{84002309-CD96-44A0-95FF-716CC9CACA1D} = {0D98FE8B-7054-4456-80E0-93722F249664}
		{D112AA09-7F6C-4799-B622-65A191294E95} = {0D98FE8B-7054-4456-80E0-93722F249664}
		{E3DEBED9-D2F3-4473-B255-8B82F4FF90D7} = {0D98FE8B-7054-4456-80E0-93722F249664}
		{C05B8575-11CE-4CDC-B59D-81EFED5E04D6} = {0D98FE8B-7054-4456-80E0-93722F249664}
		{EE40F702-28E5-4F0A-9419-632341C928D0} = {0D98FE8B-7054-4456-80E0-93722F249664}
	EndGlobalSection
	GlobalSection(ExtensibilityGlobals) = postSolution
		SolutionGuid = {6EA2E070-3B4E-4379-8BB7-CE4663A25890}
	EndGlobalSection
	GlobalSection(SharedMSBuildProjectFiles) = preSolution
		App4\App4.Shared\App4.Shared.projitems*{6279c845-92f8-4333-ab99-3d213163593c}*SharedItemsImports = 13
		App4\App4.Shared\App4.Shared.projitems*{84002309-cd96-44a0-95ff-716cc9caca1d}*SharedItemsImports = 4
		App4\App4.Shared\App4.Shared.projitems*{9316cbb3-3b59-4f3b-989a-640a52f22052}*SharedItemsImports = 4
		App4\App4.Shared\App4.Shared.projitems*{98e003b1-5638-47c6-8af5-8de928aee2f6}*SharedItemsImports = 4
		App4\App4.Shared\App4.Shared.projitems*{c05b8575-11ce-4cdc-b59d-81efed5e04d6}*SharedItemsImports = 5
		App4\App4.Shared\App4.Shared.projitems*{c2b888c6-c438-4d4c-ad15-079aae691feb}*SharedItemsImports = 4
		App4\App4.Shared\App4.Shared.projitems*{cb8fbe50-1f74-44d2-83b1-20c2450a6ca6}*SharedItemsImports = 5
		App4\App4.Shared\App4.Shared.projitems*{e3debed9-d2f3-4473-b255-8b82f4ff90d7}*SharedItemsImports = 5
		App4\App4.Shared\App4.Shared.projitems*{ee40f702-28e5-4f0a-9419-632341c928d0}*SharedItemsImports = 5
	EndGlobalSection
EndGlobal
